{
    "name": "my-web-app",
    "version": "1.0.0",
    "lockfileVersion": 3,
    "packages": {
        "": {
            "name": "my-web-app",
            "version": "1.0.0",
            "dependencies": {
                "express": "^4.18.2",
                "axios": "^1.6.0"
            }
        },
        "node_modules/express": {
            "version": "4.18.2",
            "dependencies": {
                "body-parser": "1.20.1",
                "cookie": "0.5.0",
                "debug": "2.6.9"
            }
        },
        "node_modules/axios": {
            "version": "1.6.0",
            "dependencies": {
                "follow-redirects": "^1.15.0",
                "form-data": "^4.0.0"
            }
        },
        "node_modules/body-parser": {
            "version": "1.20.1",
            "dependencies": {
                "debug": "2.6.9",
                "raw-body": "2.5.1"
            }
        },
        "node_modules/cookie": {
            "version": "0.5.0"
        },
        "node_modules/debug": {
            "version": "2.6.9",
            "dependencies": {
                "ms": "2.0.0"
            }
        },
        "node_modules/follow-redirects": {
            "version": "1.15.3"
        },
        "node_modules/form-data": {
            "version": "4.0.0",
            "dependencies": {
                "mime-types": "^2.1.12"
            }
        },
        "node_modules/raw-body": {
            "version": "2.5.1"
        },
        "node_modules/ms": {
            "version": "2.0.0"
        },
        "node_modules/mime-types": {
            "version": "2.1.35"
        }
    }
}